
Microsoft Visual Studio Solution File, Format Version 12.00
# Visual Studio Version 17
VisualStudioVersion = 17.10.35013.160
MinimumVisualStudioVersion = 10.0.40219.1
Project("{9A19103F-16F7-4668-BE54-9A1E7A4F7556}") = "TerrariaMap", "TerrariaMap\TerrariaMap.csproj", "{DB85DFBC-B53E-481B-8AD1-0878F3FFD6AC}"
EndProject
Project("{2150E333-8FDC-42A3-9474-1A3956D46DE8}") = "解决方案项", "解决方案项", "{CE596F9D-CA6A-4BAC-9BAD-5010FB21DB20}"
	ProjectSection(SolutionItems) = preProject
		template.targets = template.targets
	EndProjectSection
EndProject
Project("{9A19103F-16F7-4668-BE54-9A1E7A4F7556}") = "Bilibili", "Bilibili\Bilibili.csproj", "{2654B65E-7B11-4C5B-8121-CBB41537B12D}"
EndProject
Project("{9A19103F-16F7-4668-BE54-9A1E7A4F7556}") = "GitHook", "GitHook\GitHook.csproj", "{26A6B616-89D6-4DAF-ABF4-52E65CA70731}"
EndProject
Project("{9A19103F-16F7-4668-BE54-9A1E7A4F7556}") = "BindTSplayer", "BindTSplayer\BindTSplayer.csproj", "{05FF2A55-4288-434E-BFB2-D273C18BD833}"
EndProject
Project("{9A19103F-16F7-4668-BE54-9A1E7A4F7556}") = "Music", "Music\Music.csproj", "{0D7D987D-A6EC-492D-AAC6-F44D59B0FC66}"
EndProject
Project("{9A19103F-16F7-4668-BE54-9A1E7A4F7556}") = "TerrariaCart", "TerrariaCart\TerrariaCart.csproj", "{2ADF357A-09B4-4FAF-B8B5-6182583AF137}"
EndProject
Project("{9A19103F-16F7-4668-BE54-9A1E7A4F7556}") = "PluginManager", "PluginManager\PluginManager.csproj", "{1F367EAC-F955-4CC8-8A83-2D2F8AE8114B}"
EndProject
Project("{9A19103F-16F7-4668-BE54-9A1E7A4F7556}") = "OnlineReward", "OnlineReward\OnlineReward.csproj", "{02EF3F30-B9E7-4707-8D5A-FAFC57977A44}"
EndProject
Project("{FAE04EC0-301F-11D3-BF4B-00C04F79EFBC}") = "Disorder", "Disorder\Disorder.csproj", "{E0DDB625-05A8-49D0-A758-0A2D2778B115}"
EndProject
Global
	GlobalSection(SolutionConfigurationPlatforms) = preSolution
		Debug|Any CPU = Debug|Any CPU
		Release|Any CPU = Release|Any CPU
	EndGlobalSection
	GlobalSection(ProjectConfigurationPlatforms) = postSolution
		{DB85DFBC-B53E-481B-8AD1-0878F3FFD6AC}.Debug|Any CPU.ActiveCfg = Debug|Any CPU
		{DB85DFBC-B53E-481B-8AD1-0878F3FFD6AC}.Debug|Any CPU.Build.0 = Debug|Any CPU
		{DB85DFBC-B53E-481B-8AD1-0878F3FFD6AC}.Release|Any CPU.ActiveCfg = Release|Any CPU
		{DB85DFBC-B53E-481B-8AD1-0878F3FFD6AC}.Release|Any CPU.Build.0 = Release|Any CPU
		{2654B65E-7B11-4C5B-8121-CBB41537B12D}.Debug|Any CPU.ActiveCfg = Debug|Any CPU
		{2654B65E-7B11-4C5B-8121-CBB41537B12D}.Debug|Any CPU.Build.0 = Debug|Any CPU
		{2654B65E-7B11-4C5B-8121-CBB41537B12D}.Release|Any CPU.ActiveCfg = Release|Any CPU
		{2654B65E-7B11-4C5B-8121-CBB41537B12D}.Release|Any CPU.Build.0 = Release|Any CPU
		{26A6B616-89D6-4DAF-ABF4-52E65CA70731}.Debug|Any CPU.ActiveCfg = Debug|Any CPU
		{26A6B616-89D6-4DAF-ABF4-52E65CA70731}.Debug|Any CPU.Build.0 = Debug|Any CPU
		{26A6B616-89D6-4DAF-ABF4-52E65CA70731}.Release|Any CPU.ActiveCfg = Release|Any CPU
		{26A6B616-89D6-4DAF-ABF4-52E65CA70731}.Release|Any CPU.Build.0 = Release|Any CPU
		{05FF2A55-4288-434E-BFB2-D273C18BD833}.Debug|Any CPU.ActiveCfg = Debug|Any CPU
		{05FF2A55-4288-434E-BFB2-D273C18BD833}.Debug|Any CPU.Build.0 = Debug|Any CPU
		{05FF2A55-4288-434E-BFB2-D273C18BD833}.Release|Any CPU.ActiveCfg = Release|Any CPU
		{05FF2A55-4288-434E-BFB2-D273C18BD833}.Release|Any CPU.Build.0 = Release|Any CPU
		{0D7D987D-A6EC-492D-AAC6-F44D59B0FC66}.Debug|Any CPU.ActiveCfg = Debug|Any CPU
		{0D7D987D-A6EC-492D-AAC6-F44D59B0FC66}.Debug|Any CPU.Build.0 = Debug|Any CPU
		{0D7D987D-A6EC-492D-AAC6-F44D59B0FC66}.Release|Any CPU.ActiveCfg = Release|Any CPU
		{0D7D987D-A6EC-492D-AAC6-F44D59B0FC66}.Release|Any CPU.Build.0 = Release|Any CPU
		{2ADF357A-09B4-4FAF-B8B5-6182583AF137}.Debug|Any CPU.ActiveCfg = Debug|Any CPU
		{2ADF357A-09B4-4FAF-B8B5-6182583AF137}.Debug|Any CPU.Build.0 = Debug|Any CPU
		{2ADF357A-09B4-4FAF-B8B5-6182583AF137}.Release|Any CPU.ActiveCfg = Release|Any CPU
		{2ADF357A-09B4-4FAF-B8B5-6182583AF137}.Release|Any CPU.Build.0 = Release|Any CPU
		{1F367EAC-F955-4CC8-8A83-2D2F8AE8114B}.Debug|Any CPU.ActiveCfg = Debug|Any CPU
		{1F367EAC-F955-4CC8-8A83-2D2F8AE8114B}.Debug|Any CPU.Build.0 = Debug|Any CPU
		{1F367EAC-F955-4CC8-8A83-2D2F8AE8114B}.Release|Any CPU.ActiveCfg = Release|Any CPU
		{1F367EAC-F955-4CC8-8A83-2D2F8AE8114B}.Release|Any CPU.Build.0 = Release|Any CPU
		{02EF3F30-B9E7-4707-8D5A-FAFC57977A44}.Debug|Any CPU.ActiveCfg = Debug|Any CPU
		{02EF3F30-B9E7-4707-8D5A-FAFC57977A44}.Debug|Any CPU.Build.0 = Debug|Any CPU
		{02EF3F30-B9E7-4707-8D5A-FAFC57977A44}.Release|Any CPU.ActiveCfg = Release|Any CPU
		{02EF3F30-B9E7-4707-8D5A-FAFC57977A44}.Release|Any CPU.Build.0 = Release|Any CPU
		{E0DDB625-05A8-49D0-A758-0A2D2778B115}.Debug|Any CPU.ActiveCfg = Debug|Any CPU
		{E0DDB625-05A8-49D0-A758-0A2D2778B115}.Debug|Any CPU.Build.0 = Debug|Any CPU
		{E0DDB625-05A8-49D0-A758-0A2D2778B115}.Release|Any CPU.ActiveCfg = Release|Any CPU
		{E0DDB625-05A8-49D0-A758-0A2D2778B115}.Release|Any CPU.Build.0 = Release|Any CPU
	EndGlobalSection
	GlobalSection(SolutionProperties) = preSolution
		HideSolutionNode = FALSE
	EndGlobalSection
	GlobalSection(ExtensibilityGlobals) = postSolution
		SolutionGuid = {1328C59F-702C-4CDF-B99E-3D9FA5EB312D}
	EndGlobalSection
EndGlobal
